
Microsoft Visual Studio Solution File, Format Version 11.00
# Visual Studio 2010
# SharpDevelop 5.1
Project("{FAE04EC0-301F-11D3-BF4B-00C04F79EFBC}") = "Deber", "Deber\Deber.csproj", "{2503D052-3331-4619-874C-5A912A41AA66}"
EndProject
Global
	GlobalSection(SolutionConfigurationPlatforms) = preSolution
		Debug|Any CPU = Debug|Any CPU
		Release|Any CPU = Release|Any CPU
	EndGlobalSection
	GlobalSection(ProjectConfigurationPlatforms) = postSolution
		{2503D052-3331-4619-874C-5A912A41AA66}.Debug|Any CPU.ActiveCfg = Debug|Any CPU
		{2503D052-3331-4619-874C-5A912A41AA66}.Debug|Any CPU.Build.0 = Debug|Any CPU
		{2503D052-3331-4619-874C-5A912A41AA66}.Release|Any CPU.ActiveCfg = Release|Any CPU
		{2503D052-3331-4619-874C-5A912A41AA66}.Release|Any CPU.Build.0 = Release|Any CPU
	EndGlobalSection
EndGlobal
