
Microsoft Visual Studio Solution File, Format Version 11.00
# Visual Studio 2010
# SharpDevelop 5.1
Project("{FAE04EC0-301F-11D3-BF4B-00C04F79EFBC}") = "Deber1.2", "Deber1.2\Deber1.2.csproj", "{5326FB7F-445B-4FD6-97CB-6A69DBE38379}"
EndProject
Global
	GlobalSection(SolutionConfigurationPlatforms) = preSolution
		Debug|Any CPU = Debug|Any CPU
		Release|Any CPU = Release|Any CPU
	EndGlobalSection
	GlobalSection(ProjectConfigurationPlatforms) = postSolution
		{5326FB7F-445B-4FD6-97CB-6A69DBE38379}.Debug|Any CPU.ActiveCfg = Debug|Any CPU
		{5326FB7F-445B-4FD6-97CB-6A69DBE38379}.Debug|Any CPU.Build.0 = Debug|Any CPU
		{5326FB7F-445B-4FD6-97CB-6A69DBE38379}.Release|Any CPU.ActiveCfg = Release|Any CPU
		{5326FB7F-445B-4FD6-97CB-6A69DBE38379}.Release|Any CPU.Build.0 = Release|Any CPU
	EndGlobalSection
EndGlobal
